
Microsoft Visual Studio Solution File, Format Version 10.00
# Visual Studio 2008
Project("{FAE04EC0-301F-11D3-BF4B-00C04F79EFBC}") = "Helper", "Helper\Helper.csproj", "{6E7085CA-9C39-4C7B-8D44-AE7F25994C90}"
EndProject
Global
	GlobalSection(SolutionConfigurationPlatforms) = preSolution
		Debug|Any CPU = Debug|Any CPU
		Release|Any CPU = Release|Any CPU
	EndGlobalSection
	GlobalSection(ProjectConfigurationPlatforms) = postSolution
		{6E7085CA-9C39-4C7B-8D44-AE7F25994C90}.Debug|Any CPU.ActiveCfg = Debug|Any CPU
		{6E7085CA-9C39-4C7B-8D44-AE7F25994C90}.Debug|Any CPU.Build.0 = Debug|Any CPU
		{6E7085CA-9C39-4C7B-8D44-AE7F25994C90}.Release|Any CPU.ActiveCfg = Release|Any CPU
		{6E7085CA-9C39-4C7B-8D44-AE7F25994C90}.Release|Any CPU.Build.0 = Release|Any CPU
	EndGlobalSection
	GlobalSection(SolutionProperties) = preSolution
		HideSolutionNode = FALSE
	EndGlobalSection
EndGlobal
